
Microsoft Visual Studio Solution File, Format Version 12.00
# Visual Studio 2012
Project("{FAE04EC0-301F-11D3-BF4B-00C04F79EFBC}") = "WLEShaderEditor", "WLEShaderEditor\WLEShaderEditor.csproj", "{8944A37B-48E3-40A9-A47B-605CD82F98E9}"
EndProject
Project("{FAE04EC0-301F-11D3-BF4B-00C04F79EFBC}") = "Graph", "Graph\Graph.csproj", "{E4CC63D8-127D-4BC9-80E0-CCB3E9DA06DC}"
EndProject
Project("{FAE04EC0-301F-11D3-BF4B-00C04F79EFBC}") = "ShaderModuleAPI", "ShaderModuleAPI\ShaderModuleAPI.csproj", "{B36F6A99-BF75-47D5-A036-9BD4AF1762EF}"
EndProject
Project("{FAE04EC0-301F-11D3-BF4B-00C04F79EFBC}") = "RGBNodeModule", "RGBNode\RGBNodeModule.csproj", "{677BA9EE-5AFA-46D9-A8BE-3E8348D1A35F}"
EndProject
Project("{2150E333-8FDC-42A3-9474-1A3956D46DE8}") = "Modules", "Modules", "{2DF50604-A51F-44D4-B8C4-238219B8AA20}"
EndProject
Project("{FAE04EC0-301F-11D3-BF4B-00C04F79EFBC}") = "ColorMixerNodeModule", "ColorMixerNodeModule\ColorMixerNodeModule.csproj", "{805BDD24-8BD3-4E4A-A4A1-5D4FF0FDDEA9}"
EndProject
Global
	GlobalSection(SolutionConfigurationPlatforms) = preSolution
		Debug|Any CPU = Debug|Any CPU
		Debug|Mixed Platforms = Debug|Mixed Platforms
		Debug|x86 = Debug|x86
		Release|Any CPU = Release|Any CPU
		Release|Mixed Platforms = Release|Mixed Platforms
		Release|x86 = Release|x86
	EndGlobalSection
	GlobalSection(ProjectConfigurationPlatforms) = postSolution
		{8944A37B-48E3-40A9-A47B-605CD82F98E9}.Debug|Any CPU.ActiveCfg = Debug|Any CPU
		{8944A37B-48E3-40A9-A47B-605CD82F98E9}.Debug|Any CPU.Build.0 = Debug|Any CPU
		{8944A37B-48E3-40A9-A47B-605CD82F98E9}.Debug|Mixed Platforms.ActiveCfg = Debug|Any CPU
		{8944A37B-48E3-40A9-A47B-605CD82F98E9}.Debug|Mixed Platforms.Build.0 = Debug|Any CPU
		{8944A37B-48E3-40A9-A47B-605CD82F98E9}.Debug|x86.ActiveCfg = Debug|Any CPU
		{8944A37B-48E3-40A9-A47B-605CD82F98E9}.Release|Any CPU.ActiveCfg = Release|Any CPU
		{8944A37B-48E3-40A9-A47B-605CD82F98E9}.Release|Any CPU.Build.0 = Release|Any CPU
		{8944A37B-48E3-40A9-A47B-605CD82F98E9}.Release|Mixed Platforms.ActiveCfg = Release|Any CPU
		{8944A37B-48E3-40A9-A47B-605CD82F98E9}.Release|Mixed Platforms.Build.0 = Release|Any CPU
		{8944A37B-48E3-40A9-A47B-605CD82F98E9}.Release|x86.ActiveCfg = Release|Any CPU
		{E4CC63D8-127D-4BC9-80E0-CCB3E9DA06DC}.Debug|Any CPU.ActiveCfg = Debug|Any CPU
		{E4CC63D8-127D-4BC9-80E0-CCB3E9DA06DC}.Debug|Any CPU.Build.0 = Debug|Any CPU
		{E4CC63D8-127D-4BC9-80E0-CCB3E9DA06DC}.Debug|Mixed Platforms.ActiveCfg = Debug|Any CPU
		{E4CC63D8-127D-4BC9-80E0-CCB3E9DA06DC}.Debug|Mixed Platforms.Build.0 = Debug|Any CPU
		{E4CC63D8-127D-4BC9-80E0-CCB3E9DA06DC}.Debug|x86.ActiveCfg = Debug|Any CPU
		{E4CC63D8-127D-4BC9-80E0-CCB3E9DA06DC}.Release|Any CPU.ActiveCfg = Release|Any CPU
		{E4CC63D8-127D-4BC9-80E0-CCB3E9DA06DC}.Release|Any CPU.Build.0 = Release|Any CPU
		{E4CC63D8-127D-4BC9-80E0-CCB3E9DA06DC}.Release|Mixed Platforms.ActiveCfg = Release|Any CPU
		{E4CC63D8-127D-4BC9-80E0-CCB3E9DA06DC}.Release|Mixed Platforms.Build.0 = Release|Any CPU
		{E4CC63D8-127D-4BC9-80E0-CCB3E9DA06DC}.Release|x86.ActiveCfg = Release|Any CPU
		{B36F6A99-BF75-47D5-A036-9BD4AF1762EF}.Debug|Any CPU.ActiveCfg = Debug|Any CPU
		{B36F6A99-BF75-47D5-A036-9BD4AF1762EF}.Debug|Any CPU.Build.0 = Debug|Any CPU
		{B36F6A99-BF75-47D5-A036-9BD4AF1762EF}.Debug|Mixed Platforms.ActiveCfg = Debug|Any CPU
		{B36F6A99-BF75-47D5-A036-9BD4AF1762EF}.Debug|Mixed Platforms.Build.0 = Debug|Any CPU
		{B36F6A99-BF75-47D5-A036-9BD4AF1762EF}.Debug|x86.ActiveCfg = Debug|Any CPU
		{B36F6A99-BF75-47D5-A036-9BD4AF1762EF}.Release|Any CPU.ActiveCfg = Release|Any CPU
		{B36F6A99-BF75-47D5-A036-9BD4AF1762EF}.Release|Any CPU.Build.0 = Release|Any CPU
		{B36F6A99-BF75-47D5-A036-9BD4AF1762EF}.Release|Mixed Platforms.ActiveCfg = Release|Any CPU
		{B36F6A99-BF75-47D5-A036-9BD4AF1762EF}.Release|Mixed Platforms.Build.0 = Release|Any CPU
		{B36F6A99-BF75-47D5-A036-9BD4AF1762EF}.Release|x86.ActiveCfg = Release|Any CPU
		{677BA9EE-5AFA-46D9-A8BE-3E8348D1A35F}.Debug|Any CPU.ActiveCfg = Debug|Any CPU
		{677BA9EE-5AFA-46D9-A8BE-3E8348D1A35F}.Debug|Any CPU.Build.0 = Debug|Any CPU
		{677BA9EE-5AFA-46D9-A8BE-3E8348D1A35F}.Debug|Mixed Platforms.ActiveCfg = Debug|Any CPU
		{677BA9EE-5AFA-46D9-A8BE-3E8348D1A35F}.Debug|Mixed Platforms.Build.0 = Debug|Any CPU
		{677BA9EE-5AFA-46D9-A8BE-3E8348D1A35F}.Debug|x86.ActiveCfg = Debug|Any CPU
		{677BA9EE-5AFA-46D9-A8BE-3E8348D1A35F}.Release|Any CPU.ActiveCfg = Release|Any CPU
		{677BA9EE-5AFA-46D9-A8BE-3E8348D1A35F}.Release|Any CPU.Build.0 = Release|Any CPU
		{677BA9EE-5AFA-46D9-A8BE-3E8348D1A35F}.Release|Mixed Platforms.ActiveCfg = Release|Any CPU
		{677BA9EE-5AFA-46D9-A8BE-3E8348D1A35F}.Release|Mixed Platforms.Build.0 = Release|Any CPU
		{677BA9EE-5AFA-46D9-A8BE-3E8348D1A35F}.Release|x86.ActiveCfg = Release|Any CPU
		{805BDD24-8BD3-4E4A-A4A1-5D4FF0FDDEA9}.Debug|Any CPU.ActiveCfg = Debug|Any CPU
		{805BDD24-8BD3-4E4A-A4A1-5D4FF0FDDEA9}.Debug|Any CPU.Build.0 = Debug|Any CPU
		{805BDD24-8BD3-4E4A-A4A1-5D4FF0FDDEA9}.Debug|Mixed Platforms.ActiveCfg = Debug|Any CPU
		{805BDD24-8BD3-4E4A-A4A1-5D4FF0FDDEA9}.Debug|Mixed Platforms.Build.0 = Debug|Any CPU
		{805BDD24-8BD3-4E4A-A4A1-5D4FF0FDDEA9}.Debug|x86.ActiveCfg = Debug|Any CPU
		{805BDD24-8BD3-4E4A-A4A1-5D4FF0FDDEA9}.Release|Any CPU.ActiveCfg = Release|Any CPU
		{805BDD24-8BD3-4E4A-A4A1-5D4FF0FDDEA9}.Release|Any CPU.Build.0 = Release|Any CPU
		{805BDD24-8BD3-4E4A-A4A1-5D4FF0FDDEA9}.Release|Mixed Platforms.ActiveCfg = Release|Any CPU
		{805BDD24-8BD3-4E4A-A4A1-5D4FF0FDDEA9}.Release|Mixed Platforms.Build.0 = Release|Any CPU
		{805BDD24-8BD3-4E4A-A4A1-5D4FF0FDDEA9}.Release|x86.ActiveCfg = Release|Any CPU
	EndGlobalSection
	GlobalSection(SolutionProperties) = preSolution
		HideSolutionNode = FALSE
	EndGlobalSection
	GlobalSection(NestedProjects) = preSolution
		{677BA9EE-5AFA-46D9-A8BE-3E8348D1A35F} = {2DF50604-A51F-44D4-B8C4-238219B8AA20}
		{805BDD24-8BD3-4E4A-A4A1-5D4FF0FDDEA9} = {2DF50604-A51F-44D4-B8C4-238219B8AA20}
	EndGlobalSection
EndGlobal
