
Microsoft Visual Studio Solution File, Format Version 12.00
# Visual Studio 2013
VisualStudioVersion = 12.0.21005.1
MinimumVisualStudioVersion = 10.0.40219.1
Project("{2150E333-8FDC-42A3-9474-1A3956D46DE8}") = "Modules", "Modules", "{2DF50604-A51F-44D4-B8C4-238219B8AA20}"
EndProject
Project("{2150E333-8FDC-42A3-9474-1A3956D46DE8}") = "Source", "Source", "{4086EF93-194F-4E3F-808C-31AC86306636}"
EndProject
Project("{FAE04EC0-301F-11D3-BF4B-00C04F79EFBC}") = "Graph", "Source\Graph\Graph.csproj", "{E4CC63D8-127D-4BC9-80E0-CCB3E9DA06DC}"
EndProject
Project("{FAE04EC0-301F-11D3-BF4B-00C04F79EFBC}") = "CGF", "Source\ShaderModuleAPI\CGF.csproj", "{B36F6A99-BF75-47D5-A036-9BD4AF1762EF}"
EndProject
Project("{FAE04EC0-301F-11D3-BF4B-00C04F79EFBC}") = "WLEShaderEditor", "Source\WLEShaderEditor\WLEShaderEditor.csproj", "{8944A37B-48E3-40A9-A47B-605CD82F98E9}"
EndProject
Project("{FAE04EC0-301F-11D3-BF4B-00C04F79EFBC}") = "ColorMixerNodeModule", "Source\Modules\ColorMixerNodeModule\ColorMixerNodeModule.csproj", "{805BDD24-8BD3-4E4A-A4A1-5D4FF0FDDEA9}"
EndProject
Project("{FAE04EC0-301F-11D3-BF4B-00C04F79EFBC}") = "RGBNodeModule", "Source\Modules\RGBNode\RGBNodeModule.csproj", "{677BA9EE-5AFA-46D9-A8BE-3E8348D1A35F}"
EndProject
Project("{FAE04EC0-301F-11D3-BF4B-00C04F79EFBC}") = "TextureNodeModule", "Source\Modules\TextureNodeModule\TextureNodeModule.csproj", "{6E4DB3C4-9308-4BB9-83AB-798589A52C8E}"
EndProject
Project("{FAE04EC0-301F-11D3-BF4B-00C04F79EFBC}") = "CoreModule", "Source\Modules\CoreModule\CoreModule.csproj", "{4F8F9863-1A35-43C2-85E7-1F71FDC310EE}"
EndProject
Global
	GlobalSection(SolutionConfigurationPlatforms) = preSolution
		Debug|Any CPU = Debug|Any CPU
		Release|Any CPU = Release|Any CPU
	EndGlobalSection
	GlobalSection(ProjectConfigurationPlatforms) = postSolution
		{E4CC63D8-127D-4BC9-80E0-CCB3E9DA06DC}.Debug|Any CPU.ActiveCfg = Debug|Any CPU
		{E4CC63D8-127D-4BC9-80E0-CCB3E9DA06DC}.Debug|Any CPU.Build.0 = Debug|Any CPU
		{E4CC63D8-127D-4BC9-80E0-CCB3E9DA06DC}.Release|Any CPU.ActiveCfg = Release|Any CPU
		{E4CC63D8-127D-4BC9-80E0-CCB3E9DA06DC}.Release|Any CPU.Build.0 = Release|Any CPU
		{B36F6A99-BF75-47D5-A036-9BD4AF1762EF}.Debug|Any CPU.ActiveCfg = Debug|Any CPU
		{B36F6A99-BF75-47D5-A036-9BD4AF1762EF}.Debug|Any CPU.Build.0 = Debug|Any CPU
		{B36F6A99-BF75-47D5-A036-9BD4AF1762EF}.Release|Any CPU.ActiveCfg = Release|Any CPU
		{B36F6A99-BF75-47D5-A036-9BD4AF1762EF}.Release|Any CPU.Build.0 = Release|Any CPU
		{8944A37B-48E3-40A9-A47B-605CD82F98E9}.Debug|Any CPU.ActiveCfg = Debug|Any CPU
		{8944A37B-48E3-40A9-A47B-605CD82F98E9}.Debug|Any CPU.Build.0 = Debug|Any CPU
		{8944A37B-48E3-40A9-A47B-605CD82F98E9}.Release|Any CPU.ActiveCfg = Release|Any CPU
		{8944A37B-48E3-40A9-A47B-605CD82F98E9}.Release|Any CPU.Build.0 = Release|Any CPU
		{805BDD24-8BD3-4E4A-A4A1-5D4FF0FDDEA9}.Debug|Any CPU.ActiveCfg = Debug|Any CPU
		{805BDD24-8BD3-4E4A-A4A1-5D4FF0FDDEA9}.Debug|Any CPU.Build.0 = Debug|Any CPU
		{805BDD24-8BD3-4E4A-A4A1-5D4FF0FDDEA9}.Release|Any CPU.ActiveCfg = Release|Any CPU
		{805BDD24-8BD3-4E4A-A4A1-5D4FF0FDDEA9}.Release|Any CPU.Build.0 = Release|Any CPU
		{677BA9EE-5AFA-46D9-A8BE-3E8348D1A35F}.Debug|Any CPU.ActiveCfg = Debug|Any CPU
		{677BA9EE-5AFA-46D9-A8BE-3E8348D1A35F}.Debug|Any CPU.Build.0 = Debug|Any CPU
		{677BA9EE-5AFA-46D9-A8BE-3E8348D1A35F}.Release|Any CPU.ActiveCfg = Release|Any CPU
		{677BA9EE-5AFA-46D9-A8BE-3E8348D1A35F}.Release|Any CPU.Build.0 = Release|Any CPU
		{6E4DB3C4-9308-4BB9-83AB-798589A52C8E}.Debug|Any CPU.ActiveCfg = Debug|Any CPU
		{6E4DB3C4-9308-4BB9-83AB-798589A52C8E}.Debug|Any CPU.Build.0 = Debug|Any CPU
		{6E4DB3C4-9308-4BB9-83AB-798589A52C8E}.Release|Any CPU.ActiveCfg = Release|Any CPU
		{6E4DB3C4-9308-4BB9-83AB-798589A52C8E}.Release|Any CPU.Build.0 = Release|Any CPU
		{4F8F9863-1A35-43C2-85E7-1F71FDC310EE}.Debug|Any CPU.ActiveCfg = Debug|Any CPU
		{4F8F9863-1A35-43C2-85E7-1F71FDC310EE}.Debug|Any CPU.Build.0 = Debug|Any CPU
		{4F8F9863-1A35-43C2-85E7-1F71FDC310EE}.Release|Any CPU.ActiveCfg = Release|Any CPU
		{4F8F9863-1A35-43C2-85E7-1F71FDC310EE}.Release|Any CPU.Build.0 = Release|Any CPU
	EndGlobalSection
	GlobalSection(SolutionProperties) = preSolution
		HideSolutionNode = FALSE
	EndGlobalSection
	GlobalSection(NestedProjects) = preSolution
		{2DF50604-A51F-44D4-B8C4-238219B8AA20} = {4086EF93-194F-4E3F-808C-31AC86306636}
		{E4CC63D8-127D-4BC9-80E0-CCB3E9DA06DC} = {4086EF93-194F-4E3F-808C-31AC86306636}
		{B36F6A99-BF75-47D5-A036-9BD4AF1762EF} = {4086EF93-194F-4E3F-808C-31AC86306636}
		{8944A37B-48E3-40A9-A47B-605CD82F98E9} = {4086EF93-194F-4E3F-808C-31AC86306636}
		{805BDD24-8BD3-4E4A-A4A1-5D4FF0FDDEA9} = {2DF50604-A51F-44D4-B8C4-238219B8AA20}
		{677BA9EE-5AFA-46D9-A8BE-3E8348D1A35F} = {2DF50604-A51F-44D4-B8C4-238219B8AA20}
		{6E4DB3C4-9308-4BB9-83AB-798589A52C8E} = {2DF50604-A51F-44D4-B8C4-238219B8AA20}
		{4F8F9863-1A35-43C2-85E7-1F71FDC310EE} = {2DF50604-A51F-44D4-B8C4-238219B8AA20}
	EndGlobalSection
EndGlobal
